
Microsoft Visual Studio Solution File, Format Version 12.00
# Visual Studio Version 17
Project("{8BC9CEB8-8B4A-11D0-8D11-00A0C91BC942}") = "ALL_BUILD", "ALL_BUILD.vcxproj", "{1F6E56E1-F31C-3FD1-BFB4-9032D89D581E}"
	ProjectSection(ProjectDependencies) = postProject
		{6D80CD7B-E769-30F3-84C6-D1F88E2F3AFD} = {6D80CD7B-E769-30F3-84C6-D1F88E2F3AFD}
		{5227D65E-FA20-380A-A87B-4E6E8A191615} = {5227D65E-FA20-380A-A87B-4E6E8A191615}
	EndProjectSection
EndProject
Project("{8BC9CEB8-8B4A-11D0-8D11-00A0C91BC942}") = "ZERO_CHECK", "ZERO_CHECK.vcxproj", "{6D80CD7B-E769-30F3-84C6-D1F88E2F3AFD}"
	ProjectSection(ProjectDependencies) = postProject
	EndProjectSection
EndProject
Project("{8BC9CEB8-8B4A-11D0-8D11-00A0C91BC942}") = "lget", "lget.vcxproj", "{5227D65E-FA20-380A-A87B-4E6E8A191615}"
	ProjectSection(ProjectDependencies) = postProject
		{6D80CD7B-E769-30F3-84C6-D1F88E2F3AFD} = {6D80CD7B-E769-30F3-84C6-D1F88E2F3AFD}
	EndProjectSection
EndProject
Global
	GlobalSection(SolutionConfigurationPlatforms) = preSolution
		Debug|x64 = Debug|x64
		Release|x64 = Release|x64
		MinSizeRel|x64 = MinSizeRel|x64
		RelWithDebInfo|x64 = RelWithDebInfo|x64
	EndGlobalSection
	GlobalSection(ProjectConfigurationPlatforms) = postSolution
		{1F6E56E1-F31C-3FD1-BFB4-9032D89D581E}.Debug|x64.ActiveCfg = Debug|x64
		{1F6E56E1-F31C-3FD1-BFB4-9032D89D581E}.Release|x64.ActiveCfg = Release|x64
		{1F6E56E1-F31C-3FD1-BFB4-9032D89D581E}.MinSizeRel|x64.ActiveCfg = MinSizeRel|x64
		{1F6E56E1-F31C-3FD1-BFB4-9032D89D581E}.RelWithDebInfo|x64.ActiveCfg = RelWithDebInfo|x64
		{6D80CD7B-E769-30F3-84C6-D1F88E2F3AFD}.Debug|x64.ActiveCfg = Debug|x64
		{6D80CD7B-E769-30F3-84C6-D1F88E2F3AFD}.Debug|x64.Build.0 = Debug|x64
		{6D80CD7B-E769-30F3-84C6-D1F88E2F3AFD}.Release|x64.ActiveCfg = Release|x64
		{6D80CD7B-E769-30F3-84C6-D1F88E2F3AFD}.Release|x64.Build.0 = Release|x64
		{6D80CD7B-E769-30F3-84C6-D1F88E2F3AFD}.MinSizeRel|x64.ActiveCfg = MinSizeRel|x64
		{6D80CD7B-E769-30F3-84C6-D1F88E2F3AFD}.MinSizeRel|x64.Build.0 = MinSizeRel|x64
		{6D80CD7B-E769-30F3-84C6-D1F88E2F3AFD}.RelWithDebInfo|x64.ActiveCfg = RelWithDebInfo|x64
		{6D80CD7B-E769-30F3-84C6-D1F88E2F3AFD}.RelWithDebInfo|x64.Build.0 = RelWithDebInfo|x64
		{5227D65E-FA20-380A-A87B-4E6E8A191615}.Debug|x64.ActiveCfg = Debug|x64
		{5227D65E-FA20-380A-A87B-4E6E8A191615}.Debug|x64.Build.0 = Debug|x64
		{5227D65E-FA20-380A-A87B-4E6E8A191615}.Release|x64.ActiveCfg = Release|x64
		{5227D65E-FA20-380A-A87B-4E6E8A191615}.Release|x64.Build.0 = Release|x64
		{5227D65E-FA20-380A-A87B-4E6E8A191615}.MinSizeRel|x64.ActiveCfg = MinSizeRel|x64
		{5227D65E-FA20-380A-A87B-4E6E8A191615}.MinSizeRel|x64.Build.0 = MinSizeRel|x64
		{5227D65E-FA20-380A-A87B-4E6E8A191615}.RelWithDebInfo|x64.ActiveCfg = RelWithDebInfo|x64
		{5227D65E-FA20-380A-A87B-4E6E8A191615}.RelWithDebInfo|x64.Build.0 = RelWithDebInfo|x64
	EndGlobalSection
	GlobalSection(ExtensibilityGlobals) = postSolution
		SolutionGuid = {6DEAE156-C074-3B11-B013-0110506AA437}
	EndGlobalSection
	GlobalSection(ExtensibilityAddIns) = postSolution
	EndGlobalSection
EndGlobal
