<?xml version="1.0" encoding="utf-8"?>
<Project ToolsVersion="17.0" xmlns="http://schemas.microsoft.com/developer/msbuild/2003">
  <ItemGroup>
    <CustomBuild Include="C:\Users\alexe\Prog\projects\Lget\cmake_build_Debug\CMakeFiles\fe2bac964face576a25822aa53f9645e\generate.stamp.rule">
      <Filter>CMake Rules</Filter>
    </CustomBuild>
  </ItemGroup>
  <ItemGroup>
    <Filter Include="CMake Rules">
      <UniqueIdentifier>{A754F256-4D06-3EA9-88B6-39E874D6DB59}</UniqueIdentifier>
    </Filter>
  </ItemGroup>
</Project>
